
Microsoft Visual Studio Solution File, Format Version 12.00
# Visual Studio Version 17
VisualStudioVersion = 17.2.32516.85
MinimumVisualStudioVersion = 10.0.40219.1
Project("{FAE04EC0-301F-11D3-BF4B-00C04F79EFBC}") = "BakeryQueue", "BakeryQueue\BakeryQueue.csproj", "{BA39B4A2-873D-4089-83BF-0177A2AFA73D}"
EndProject
Global
	GlobalSection(SolutionConfigurationPlatforms) = preSolution
		Debug|Any CPU = Debug|Any CPU
		Release|Any CPU = Release|Any CPU
	EndGlobalSection
	GlobalSection(ProjectConfigurationPlatforms) = postSolution
		{BA39B4A2-873D-4089-83BF-0177A2AFA73D}.Debug|Any CPU.ActiveCfg = Debug|Any CPU
		{BA39B4A2-873D-4089-83BF-0177A2AFA73D}.Debug|Any CPU.Build.0 = Debug|Any CPU
		{BA39B4A2-873D-4089-83BF-0177A2AFA73D}.Release|Any CPU.ActiveCfg = Release|Any CPU
		{BA39B4A2-873D-4089-83BF-0177A2AFA73D}.Release|Any CPU.Build.0 = Release|Any CPU
	EndGlobalSection
	GlobalSection(SolutionProperties) = preSolution
		HideSolutionNode = FALSE
	EndGlobalSection
	GlobalSection(ExtensibilityGlobals) = postSolution
		SolutionGuid = {EA54C888-EFA0-4628-A01B-F6E35FCC3546}
	EndGlobalSection
EndGlobal
